
Microsoft Visual Studio Solution File, Format Version 12.00
# Visual Studio Version 17
VisualStudioVersion = 17.8.34330.188
MinimumVisualStudioVersion = 10.0.40219.1
Project("{9A19103F-16F7-4668-BE54-9A1E7A4F7556}") = "CarInspectorResizer", "CarInspectorResizer\CarInspectorResizer.csproj", "{CFE4C55A-F6EA-4E5D-AC62-A8429E4052EA}"
EndProject
Project("{9A19103F-16F7-4668-BE54-9A1E7A4F7556}") = "CarInspectorResizer.Example1", "CarInspectorResizer.Example1\CarInspectorResizer.Example1.csproj", "{59F11CB5-4625-42E2-8486-D81A4DE2291F}"
EndProject
Project("{9A19103F-16F7-4668-BE54-9A1E7A4F7556}") = "CarInspectorResizer.Example2", "CarInspectorResizer.Example2\CarInspectorResizer.Example2.csproj", "{4A1094BE-08C8-4E19-8E77-1C2D66754C9C}"
EndProject
Global
	GlobalSection(SolutionConfigurationPlatforms) = preSolution
		Debug|Any CPU = Debug|Any CPU
		Release|Any CPU = Release|Any CPU
	EndGlobalSection
	GlobalSection(ProjectConfigurationPlatforms) = postSolution
		{CFE4C55A-F6EA-4E5D-AC62-A8429E4052EA}.Debug|Any CPU.ActiveCfg = Debug|Any CPU
		{CFE4C55A-F6EA-4E5D-AC62-A8429E4052EA}.Debug|Any CPU.Build.0 = Debug|Any CPU
		{CFE4C55A-F6EA-4E5D-AC62-A8429E4052EA}.Release|Any CPU.ActiveCfg = Release|Any CPU
		{CFE4C55A-F6EA-4E5D-AC62-A8429E4052EA}.Release|Any CPU.Build.0 = Release|Any CPU
		{59F11CB5-4625-42E2-8486-D81A4DE2291F}.Debug|Any CPU.ActiveCfg = Debug|Any CPU
		{59F11CB5-4625-42E2-8486-D81A4DE2291F}.Debug|Any CPU.Build.0 = Debug|Any CPU
		{59F11CB5-4625-42E2-8486-D81A4DE2291F}.Release|Any CPU.ActiveCfg = Release|Any CPU
		{59F11CB5-4625-42E2-8486-D81A4DE2291F}.Release|Any CPU.Build.0 = Release|Any CPU
		{4A1094BE-08C8-4E19-8E77-1C2D66754C9C}.Debug|Any CPU.ActiveCfg = Debug|Any CPU
		{4A1094BE-08C8-4E19-8E77-1C2D66754C9C}.Debug|Any CPU.Build.0 = Debug|Any CPU
		{4A1094BE-08C8-4E19-8E77-1C2D66754C9C}.Release|Any CPU.ActiveCfg = Release|Any CPU
		{4A1094BE-08C8-4E19-8E77-1C2D66754C9C}.Release|Any CPU.Build.0 = Release|Any CPU
	EndGlobalSection
	GlobalSection(SolutionProperties) = preSolution
		HideSolutionNode = FALSE
	EndGlobalSection
	GlobalSection(ExtensibilityGlobals) = postSolution
		SolutionGuid = {7F364731-F9C0-4C42-AEFD-54A52CF756A3}
	EndGlobalSection
EndGlobal
